{
  "name": "project-scrapping-test",
  "version": "1.0.0",
  "lockfileVersion": 1,
  "requires": true,
  "dependencies": {
    "ansi-diff-stream": {
      "version": "1.2.1",
      "resolved": "https://registry.npmjs.org/ansi-diff-stream/-/ansi-diff-stream-1.2.1.tgz",
      "integrity": "sha512-PaKs34INoKpTzcjyKd2GM/CCEeTyDgWKuHSgF0z7ywjpbBFj/pzQf/30v+TR6VBBLia6Mso+W2ygU22ljqbi6A==",
      "requires": {
        "ansi-regex": "^2.0.0",
        "buffer-from": "^1.0.0",
        "through2": "^2.0.1"
      }
    },
    "ansi-regex": {
      "version": "2.1.1",
      "resolved": "https://registry.npmjs.org/ansi-regex/-/ansi-regex-2.1.1.tgz",
      "integrity": "sha1-w7M6te42DYbg5ijwRorn7yfWVN8="
    },
    "buffer-from": {
      "version": "1.1.1",
      "resolved": "https://registry.npmjs.org/buffer-from/-/buffer-from-1.1.1.tgz",
      "integrity": "sha512-MQcXEUbCKtEo7bhqEs6560Hyd4XaovZlO/k9V3hjVUF/zwW7KBVdSK4gIt/bzwS9MbR5qob+F5jusZsb0YQK2A=="
    },
    "core-util-is": {
      "version": "1.0.2",
      "resolved": "https://registry.npmjs.org/core-util-is/-/core-util-is-1.0.2.tgz",
      "integrity": "sha1-tf1UIgqivFq1eqtxQMlAdUUDwac="
    },
    "count-files": {
      "version": "2.6.2",
      "resolved": "https://registry.npmjs.org/count-files/-/count-files-2.6.2.tgz",
      "integrity": "sha1-XIEWGX71aVJ717S9WqLAM7kJU9M=",
      "requires": {
        "neat-log": "^1.0.0",
        "prettier-bytes": "^1.0.3"
      }
    },
    "find": {
      "version": "0.1.7",
      "resolved": "https://registry.npmjs.org/find/-/find-0.1.7.tgz",
      "integrity": "sha1-yGyHrxqxjyIrvjjeyGy8dg0Wpvs=",
      "requires": {
        "traverse-chain": "~0.1.0"
      }
    },
    "find-in-files": {
      "version": "0.5.0",
      "resolved": "https://registry.npmjs.org/find-in-files/-/find-in-files-0.5.0.tgz",
      "integrity": "sha512-VraTc6HdtdSHmAp0yJpAy20yPttGKzyBWc7b7FPnnsX9TOgmKx0g9xajizpF/iuu4IvNK4TP0SpyBT9zAlwG+g==",
      "requires": {
        "find": "^0.1.5",
        "q": "^1.0.1"
      }
    },
    "inherits": {
      "version": "2.0.3",
      "resolved": "https://registry.npmjs.org/inherits/-/inherits-2.0.3.tgz",
      "integrity": "sha1-Yzwsg+PaQqUC9SRmAiSA9CCCYd4="
    },
    "is-fullwidth-code-point": {
      "version": "2.0.0",
      "resolved": "https://registry.npmjs.org/is-fullwidth-code-point/-/is-fullwidth-code-point-2.0.0.tgz",
      "integrity": "sha1-o7MKXE8ZkYMWeqq5O+764937ZU8="
    },
    "isarray": {
      "version": "1.0.0",
      "resolved": "https://registry.npmjs.org/isarray/-/isarray-1.0.0.tgz",
      "integrity": "sha1-u5NdSFgsuhaMBoNJV6VKPgcSTxE="
    },
    "lodash.flattendeep": {
      "version": "4.4.0",
      "resolved": "https://registry.npmjs.org/lodash.flattendeep/-/lodash.flattendeep-4.4.0.tgz",
      "integrity": "sha1-+wMJF/hqMTTlvJvsDWngAT3f7bI="
    },
    "lodash.throttle": {
      "version": "4.1.1",
      "resolved": "https://registry.npmjs.org/lodash.throttle/-/lodash.throttle-4.1.1.tgz",
      "integrity": "sha1-wj6RtxAkKscMN/HhzaknTMOb8vQ="
    },
    "nanobus": {
      "version": "3.3.0",
      "resolved": "https://registry.npmjs.org/nanobus/-/nanobus-3.3.0.tgz",
      "integrity": "sha1-vOXV1DWlNix9rX+ekM0hlZWJvoY=",
      "requires": {
        "nanotiming": "^1.0.1"
      }
    },
    "nanotiming": {
      "version": "1.0.1",
      "resolved": "https://registry.npmjs.org/nanotiming/-/nanotiming-1.0.1.tgz",
      "integrity": "sha1-E+ei4nZ5Z5dP7f/wce3Tkyf0TsM="
    },
    "neat-log": {
      "version": "1.1.2",
      "resolved": "https://registry.npmjs.org/neat-log/-/neat-log-1.1.2.tgz",
      "integrity": "sha512-LUk9cZY/FakJlQ7OcZaHakNV0AzBwfx9iqU4hwYx7NhVYBjZBeykmcHJD5y+cfVWpyaHdjIYnb+gKTVkS+DlSg==",
      "requires": {
        "lodash.throttle": "^4.1.1",
        "nanobus": "^3.0.0",
        "status-logger": "^3.1.1"
      }
    },
    "prettier-bytes": {
      "version": "1.0.4",
      "resolved": "https://registry.npmjs.org/prettier-bytes/-/prettier-bytes-1.0.4.tgz",
      "integrity": "sha1-mUsCqkb2mcULYle1+qp/4lV+YtY="
    },
    "process-nextick-args": {
      "version": "2.0.0",
      "resolved": "https://registry.npmjs.org/process-nextick-args/-/process-nextick-args-2.0.0.tgz",
      "integrity": "sha512-MtEC1TqN0EU5nephaJ4rAtThHtC86dNN9qCuEhtshvpVBkAW5ZO7BASN9REnF9eoXGcRub+pFuKEpOHE+HbEMw=="
    },
    "q": {
      "version": "1.5.1",
      "resolved": "https://registry.npmjs.org/q/-/q-1.5.1.tgz",
      "integrity": "sha1-fjL3W0E4EpHQRhHxvxQQmsAGUdc="
    },
    "readable-stream": {
      "version": "2.3.6",
      "resolved": "https://registry.npmjs.org/readable-stream/-/readable-stream-2.3.6.tgz",
      "integrity": "sha512-tQtKA9WIAhBF3+VLAseyMqZeBjW0AHJoxOtYqSUZNJxauErmLbVm2FW1y+J/YA9dUrAC39ITejlZWhVIwawkKw==",
      "requires": {
        "core-util-is": "~1.0.0",
        "inherits": "~2.0.3",
        "isarray": "~1.0.0",
        "process-nextick-args": "~2.0.0",
        "safe-buffer": "~5.1.1",
        "string_decoder": "~1.1.1",
        "util-deprecate": "~1.0.1"
      }
    },
    "safe-buffer": {
      "version": "5.1.2",
      "resolved": "https://registry.npmjs.org/safe-buffer/-/safe-buffer-5.1.2.tgz",
      "integrity": "sha512-Gd2UZBJDkXlY7GbJxfsE8/nvKkUEU1G38c1siN6QP6a9PT9MmHB8GnpscSmMJSoF8LOIrt8ud/wPtojys4G6+g=="
    },
    "status-logger": {
      "version": "3.1.1",
      "resolved": "https://registry.npmjs.org/status-logger/-/status-logger-3.1.1.tgz",
      "integrity": "sha512-dNYazf7T9aD9XMvvP/ZZTL8nzhS1piUfFq7HVDOHFdO2LBnPMqdkS5kaoXjK7gvH/0mT6ZcafuDTSSd7DIVYAA==",
      "requires": {
        "ansi-diff-stream": "^1.2.0",
        "lodash.flattendeep": "^4.4.0",
        "wrap-ansi": "^3.0.1"
      }
    },
    "string-width": {
      "version": "2.1.1",
      "resolved": "https://registry.npmjs.org/string-width/-/string-width-2.1.1.tgz",
      "integrity": "sha512-nOqH59deCq9SRHlxq1Aw85Jnt4w6KvLKqWVik6oA9ZklXLNIOlqg4F2yrT1MVaTjAqvVwdfeZ7w7aCvJD7ugkw==",
      "requires": {
        "is-fullwidth-code-point": "^2.0.0",
        "strip-ansi": "^4.0.0"
      }
    },
    "string_decoder": {
      "version": "1.1.1",
      "resolved": "https://registry.npmjs.org/string_decoder/-/string_decoder-1.1.1.tgz",
      "integrity": "sha512-n/ShnvDi6FHbbVfviro+WojiFzv+s8MPMHBczVePfUpDJLwoLT0ht1l4YwBCbi8pJAveEEdnkHyPyTP/mzRfwg==",
      "requires": {
        "safe-buffer": "~5.1.0"
      }
    },
    "strip-ansi": {
      "version": "4.0.0",
      "resolved": "https://registry.npmjs.org/strip-ansi/-/strip-ansi-4.0.0.tgz",
      "integrity": "sha1-qEeQIusaw2iocTibY1JixQXuNo8=",
      "requires": {
        "ansi-regex": "^3.0.0"
      },
      "dependencies": {
        "ansi-regex": {
          "version": "3.0.0",
          "resolved": "https://registry.npmjs.org/ansi-regex/-/ansi-regex-3.0.0.tgz",
          "integrity": "sha1-7QMXwyIGT3lGbAKWa922Bas32Zg="
        }
      }
    },
    "through2": {
      "version": "2.0.5",
      "resolved": "https://registry.npmjs.org/through2/-/through2-2.0.5.tgz",
      "integrity": "sha512-/mrRod8xqpA+IHSLyGCQ2s8SPHiCDEeQJSep1jqLYeEUClOFG2Qsh+4FU6G9VeqpZnGW/Su8LQGc4YKni5rYSQ==",
      "requires": {
        "readable-stream": "~2.3.6",
        "xtend": "~4.0.1"
      }
    },
    "traverse-chain": {
      "version": "0.1.0",
      "resolved": "https://registry.npmjs.org/traverse-chain/-/traverse-chain-0.1.0.tgz",
      "integrity": "sha1-YdvC1Ttp/2CRoSoWj9fUMxB+QPE="
    },
    "util-deprecate": {
      "version": "1.0.2",
      "resolved": "https://registry.npmjs.org/util-deprecate/-/util-deprecate-1.0.2.tgz",
      "integrity": "sha1-RQ1Nyfpw3nMnYvvS1KKJgUGaDM8="
    },
    "wrap-ansi": {
      "version": "3.0.1",
      "resolved": "https://registry.npmjs.org/wrap-ansi/-/wrap-ansi-3.0.1.tgz",
      "integrity": "sha1-KIoE2H7aXChuBg3+jxNc6NAH+Lo=",
      "requires": {
        "string-width": "^2.1.1",
        "strip-ansi": "^4.0.0"
      }
    },
    "xtend": {
      "version": "4.0.1",
      "resolved": "https://registry.npmjs.org/xtend/-/xtend-4.0.1.tgz",
      "integrity": "sha1-pcbVMr5lbiPbgg77lDofBJmNY68="
    }
  }
}
